// !$*UTF8*$!
{
	archiveVersion = 1;
	classes = {
	};
	objectVersion = 50;
	objects = {

/* Begin PBXBuildFile section */
		38EB197022879EF300FB6C1D /* AppDelegate.swift in Sources */ = {isa = PBXBuildFile; fileRef = 38EB196F22879EF300FB6C1D /* AppDelegate.swift */; };
		38EB197222879EF300FB6C1D /* ViewController.swift in Sources */ = {isa = PBXBuildFile; fileRef = 38EB197122879EF300FB6C1D /* ViewController.swift */; };
		38EB197522879EF300FB6C1D /* Main.storyboard in Resources */ = {isa = PBXBuildFile; fileRef = 38EB197322879EF300FB6C1D /* Main.storyboard */; };
		38EB197722879EF500FB6C1D /* Assets.xcassets in Resources */ = {isa = PBXBuildFile; fileRef = 38EB197622879EF500FB6C1D /* Assets.xcassets */; };
		38EB197A22879EF500FB6C1D /* LaunchScreen.storyboard in Resources */ = {isa = PBXBuildFile; fileRef = 38EB197822879EF500FB6C1D /* LaunchScreen.storyboard */; };
		C25DAB2422A1F33400B9FC0B /* AddNovoParque.swift in Sources */ = {isa = PBXBuildFile; fileRef = C25DAB2322A1F33400B9FC0B /* AddNovoParque.swift */; };
		C2A4948A229014E7009735D6 /* RegistarViewController.swift in Sources */ = {isa = PBXBuildFile; fileRef = C2A49489229014E7009735D6 /* RegistarViewController.swift */; };
		C2C60E5B229EEE5000E6EC21 /* GoogleService-Info.plist in Resources */ = {isa = PBXBuildFile; fileRef = C2C60E5A229EEE5000E6EC21 /* GoogleService-Info.plist */; };
		C2D1B60022A188E900F7F50F /* MapViewController.swift in Sources */ = {isa = PBXBuildFile; fileRef = C2D1B5FF22A188E900F7F50F /* MapViewController.swift */; };
		D0B282574821C77EF4BC609D /* Pods_HelpMeParkIOS.framework in Frameworks */ = {isa = PBXBuildFile; fileRef = 722A9CD462930F49C4238F0C /* Pods_HelpMeParkIOS.framework */; };
/* End PBXBuildFile section */

/* Begin PBXFileReference section */
		38EB196C22879EF300FB6C1D /* HelpMeParkIOS.app */ = {isa = PBXFileReference; explicitFileType = wrapper.application; includeInIndex = 0; path = HelpMeParkIOS.app; sourceTree = BUILT_PRODUCTS_DIR; };
		38EB196F22879EF300FB6C1D /* AppDelegate.swift */ = {isa = PBXFileReference; lastKnownFileType = sourcecode.swift; path = AppDelegate.swift; sourceTree = "<group>"; };
		38EB197122879EF300FB6C1D /* ViewController.swift */ = {isa = PBXFileReference; lastKnownFileType = sourcecode.swift; path = ViewController.swift; sourceTree = "<group>"; };
		38EB197422879EF300FB6C1D /* Base */ = {isa = PBXFileReference; lastKnownFileType = file.storyboard; name = Base; path = Base.lproj/Main.storyboard; sourceTree = "<group>"; };
		38EB197622879EF500FB6C1D /* Assets.xcassets */ = {isa = PBXFileReference; lastKnownFileType = folder.assetcatalog; path = Assets.xcassets; sourceTree = "<group>"; };
		38EB197922879EF500FB6C1D /* Base */ = {isa = PBXFileReference; lastKnownFileType = file.storyboard; name = Base; path = Base.lproj/LaunchScreen.storyboard; sourceTree = "<group>"; };
		38EB197B22879EF500FB6C1D /* Info.plist */ = {isa = PBXFileReference; lastKnownFileType = text.plist.xml; path = Info.plist; sourceTree = "<group>"; };
		722A9CD462930F49C4238F0C /* Pods_HelpMeParkIOS.framework */ = {isa = PBXFileReference; explicitFileType = wrapper.framework; includeInIndex = 0; path = Pods_HelpMeParkIOS.framework; sourceTree = BUILT_PRODUCTS_DIR; };
		877B372C386F75B965BCB6DB /* Pods-HelpMeParkIOS.debug.xcconfig */ = {isa = PBXFileReference; includeInIndex = 1; lastKnownFileType = text.xcconfig; name = "Pods-HelpMeParkIOS.debug.xcconfig"; path = "Target Support Files/Pods-HelpMeParkIOS/Pods-HelpMeParkIOS.debug.xcconfig"; sourceTree = "<group>"; };
		C25DAB2322A1F33400B9FC0B /* AddNovoParque.swift */ = {isa = PBXFileReference; lastKnownFileType = sourcecode.swift; path = AddNovoParque.swift; sourceTree = "<group>"; };
		C2A49489229014E7009735D6 /* RegistarViewController.swift */ = {isa = PBXFileReference; lastKnownFileType = sourcecode.swift; path = RegistarViewController.swift; sourceTree = "<group>"; };
		C2C60E5A229EEE5000E6EC21 /* GoogleService-Info.plist */ = {isa = PBXFileReference; fileEncoding = 4; lastKnownFileType = text.plist.xml; path = "GoogleService-Info.plist"; sourceTree = "<group>"; };
		C2D1B5FF22A188E900F7F50F /* MapViewController.swift */ = {isa = PBXFileReference; lastKnownFileType = sourcecode.swift; path = MapViewController.swift; sourceTree = "<group>"; };
		ED63BC9047D9F93CE299BE19 /* Pods-HelpMeParkIOS.release.xcconfig */ = {isa = PBXFileReference; includeInIndex = 1; lastKnownFileType = text.xcconfig; name = "Pods-HelpMeParkIOS.release.xcconfig"; path = "Target Support Files/Pods-HelpMeParkIOS/Pods-HelpMeParkIOS.release.xcconfig"; sourceTree = "<group>"; };
/* End PBXFileReference section */

/* Begin PBXFrameworksBuildPhase section */
		38EB196922879EF300FB6C1D /* Frameworks */ = {
			isa = PBXFrameworksBuildPhase;
			buildActionMask = 2147483647;
			files = (
				D0B282574821C77EF4BC609D /* Pods_HelpMeParkIOS.framework in Frameworks */,
			);
			runOnlyForDeploymentPostprocessing = 0;
		};
/* End PBXFrameworksBuildPhase section */

/* Begin PBXGroup section */
		38EB196322879EF300FB6C1D = {
			isa = PBXGroup;
			children = (
				38EB196E22879EF300FB6C1D /* HelpMeParkIOS */,
				D140E6A9043E81286F382AE7 /* Pods */,
				56AF0FF1A53A294DA341E2BA /* Frameworks */,
			);
			sourceTree = "<group>";
		};
		38EB196D22879EF300FB6C1D /* Products */ = {
			isa = PBXGroup;
			children = (
				38EB196C22879EF300FB6C1D /* HelpMeParkIOS.app */,
			);
			name = Products;
			path = ..;
			sourceTree = "<group>";
		};
		38EB196E22879EF300FB6C1D /* HelpMeParkIOS */ = {
			isa = PBXGroup;
			children = (
				38EB196F22879EF300FB6C1D /* AppDelegate.swift */,
				38EB197122879EF300FB6C1D /* ViewController.swift */,
				38EB197322879EF300FB6C1D /* Main.storyboard */,
				38EB197622879EF500FB6C1D /* Assets.xcassets */,
				38EB197822879EF500FB6C1D /* LaunchScreen.storyboard */,
				38EB197B22879EF500FB6C1D /* Info.plist */,
				C2C60E5A229EEE5000E6EC21 /* GoogleService-Info.plist */,
				C2A49489229014E7009735D6 /* RegistarViewController.swift */,
				C2D1B5FF22A188E900F7F50F /* MapViewController.swift */,
				C25DAB2322A1F33400B9FC0B /* AddNovoParque.swift */,
				38EB196D22879EF300FB6C1D /* Products */,
			);
			path = HelpMeParkIOS;
			sourceTree = "<group>";
		};
		56AF0FF1A53A294DA341E2BA /* Frameworks */ = {
			isa = PBXGroup;
			children = (
				722A9CD462930F49C4238F0C /* Pods_HelpMeParkIOS.framework */,
			);
			name = Frameworks;
			sourceTree = "<group>";
		};
		D140E6A9043E81286F382AE7 /* Pods */ = {
			isa = PBXGroup;
			children = (
				877B372C386F75B965BCB6DB /* Pods-HelpMeParkIOS.debug.xcconfig */,
				ED63BC9047D9F93CE299BE19 /* Pods-HelpMeParkIOS.release.xcconfig */,
			);
			path = Pods;
			sourceTree = "<group>";
		};
/* End PBXGroup section */

/* Begin PBXNativeTarget section */
		38EB196B22879EF300FB6C1D /* HelpMeParkIOS */ = {
			isa = PBXNativeTarget;
			buildConfigurationList = 38EB197E22879EF500FB6C1D /* Build configuration list for PBXNativeTarget "HelpMeParkIOS" */;
			buildPhases = (
				D3EA870A2CCF6FFE392C226F /* [CP] Check Pods Manifest.lock */,
				38EB196822879EF300FB6C1D /* Sources */,
				38EB196922879EF300FB6C1D /* Frameworks */,
				38EB196A22879EF300FB6C1D /* Resources */,
				FB1547C1239850B97A77527D /* [CP] Embed Pods Frameworks */,
			);
			buildRules = (
			);
			dependencies = (
			);
			name = HelpMeParkIOS;
			productName = HelpMeParkIOS;
			productReference = 38EB196C22879EF300FB6C1D /* HelpMeParkIOS.app */;
			productType = "com.apple.product-type.application";
		};
/* End PBXNativeTarget section */

/* Begin PBXProject section */
		38EB196422879EF300FB6C1D /* Project object */ = {
			isa = PBXProject;
			attributes = {
				LastSwiftUpdateCheck = 1020;
				LastUpgradeCheck = 1020;
				ORGANIZATIONNAME = Alvaro;
				TargetAttributes = {
					38EB196B22879EF300FB6C1D = {
						CreatedOnToolsVersion = 10.2;
					};
				};
			};
			buildConfigurationList = 38EB196722879EF300FB6C1D /* Build configuration list for PBXProject "HelpMeParkIOS" */;
			compatibilityVersion = "Xcode 9.3";
			developmentRegion = en;
			hasScannedForEncodings = 0;
			knownRegions = (
				en,
				Base,
			);
			mainGroup = 38EB196322879EF300FB6C1D;
			productRefGroup = 38EB196D22879EF300FB6C1D /* Products */;
			projectDirPath = "";
			projectRoot = "";
			targets = (
				38EB196B22879EF300FB6C1D /* HelpMeParkIOS */,
			);
		};
/* End PBXProject section */

/* Begin PBXResourcesBuildPhase section */
		38EB196A22879EF300FB6C1D /* Resources */ = {
			isa = PBXResourcesBuildPhase;
			buildActionMask = 2147483647;
			files = (
				38EB197A22879EF500FB6C1D /* LaunchScreen.storyboard in Resources */,
				C2C60E5B229EEE5000E6EC21 /* GoogleService-Info.plist in Resources */,
				38EB197722879EF500FB6C1D /* Assets.xcassets in Resources */,
				38EB197522879EF300FB6C1D /* Main.storyboard in Resources */,
			);
			runOnlyForDeploymentPostprocessing = 0;
		};
/* End PBXResourcesBuildPhase section */

/* Begin PBXShellScriptBuildPhase section */
		D3EA870A2CCF6FFE392C226F /* [CP] Check Pods Manifest.lock */ = {
			isa = PBXShellScriptBuildPhase;
			buildActionMask = 2147483647;
			files = (
			);
			inputFileListPaths = (
			);
			inputPaths = (
				"${PODS_PODFILE_DIR_PATH}/Podfile.lock",
				"${PODS_ROOT}/Manifest.lock",
			);
			name = "[CP] Check Pods Manifest.lock";
			outputFileListPaths = (
			);
			outputPaths = (
				"$(DERIVED_FILE_DIR)/Pods-HelpMeParkIOS-checkManifestLockResult.txt",
			);
			runOnlyForDeploymentPostprocessing = 0;
			shellPath = /bin/sh;
			shellScript = "diff \"${PODS_PODFILE_DIR_PATH}/Podfile.lock\" \"${PODS_ROOT}/Manifest.lock\" > /dev/null\nif [ $? != 0 ] ; then\n    # print error to STDERR\n    echo \"error: The sandbox is not in sync with the Podfile.lock. Run 'pod install' or update your CocoaPods installation.\" >&2\n    exit 1\nfi\n# This output is used by Xcode 'outputs' to avoid re-running this script phase.\necho \"SUCCESS\" > \"${SCRIPT_OUTPUT_FILE_0}\"\n";
			showEnvVarsInLog = 0;
		};
		FB1547C1239850B97A77527D /* [CP] Embed Pods Frameworks */ = {
			isa = PBXShellScriptBuildPhase;
			buildActionMask = 2147483647;
			files = (
			);
			inputFileListPaths = (
			);
			inputPaths = (
				"${PODS_ROOT}/Target Support Files/Pods-HelpMeParkIOS/Pods-HelpMeParkIOS-frameworks.sh",
				"${BUILT_PRODUCTS_DIR}/GTMSessionFetcher/GTMSessionFetcher.framework",
				"${BUILT_PRODUCTS_DIR}/GeoFire/GeoFire.framework",
				"${BUILT_PRODUCTS_DIR}/GoogleToolboxForMac/GoogleToolboxForMac.framework",
				"${BUILT_PRODUCTS_DIR}/leveldb-library/leveldb.framework",
				"${BUILT_PRODUCTS_DIR}/nanopb/nanopb.framework",
			);
			name = "[CP] Embed Pods Frameworks";
			outputFileListPaths = (
			);
			outputPaths = (
				"${TARGET_BUILD_DIR}/${FRAMEWORKS_FOLDER_PATH}/GTMSessionFetcher.framework",
				"${TARGET_BUILD_DIR}/${FRAMEWORKS_FOLDER_PATH}/GeoFire.framework",
				"${TARGET_BUILD_DIR}/${FRAMEWORKS_FOLDER_PATH}/GoogleToolboxForMac.framework",
				"${TARGET_BUILD_DIR}/${FRAMEWORKS_FOLDER_PATH}/leveldb.framework",
				"${TARGET_BUILD_DIR}/${FRAMEWORKS_FOLDER_PATH}/nanopb.framework",
			);
			runOnlyForDeploymentPostprocessing = 0;
			shellPath = /bin/sh;
			shellScript = "\"${PODS_ROOT}/Target Support Files/Pods-HelpMeParkIOS/Pods-HelpMeParkIOS-frameworks.sh\"\n";
			showEnvVarsInLog = 0;
		};
/* End PBXShellScriptBuildPhase section */

/* Begin PBXSourcesBuildPhase section */
		38EB196822879EF300FB6C1D /* Sources */ = {
			isa = PBXSourcesBuildPhase;
			buildActionMask = 2147483647;
			files = (
				C2A4948A229014E7009735D6 /* RegistarViewController.swift in Sources */,
				38EB197222879EF300FB6C1D /* ViewController.swift in Sources */,
				38EB197022879EF300FB6C1D /* AppDelegate.swift in Sources */,
				C2D1B60022A188E900F7F50F /* MapViewController.swift in Sources */,
				C25DAB2422A1F33400B9FC0B /* AddNovoParque.swift in Sources */,
			);
			runOnlyForDeploymentPostprocessing = 0;
		};
/* End PBXSourcesBuildPhase section */

/* Begin PBXVariantGroup section */
		38EB197322879EF300FB6C1D /* Main.storyboard */ = {
			isa = PBXVariantGroup;
			children = (
				38EB197422879EF300FB6C1D /* Base */,
			);
			name = Main.storyboard;
			sourceTree = "<group>";
		};
		38EB197822879EF500FB6C1D /* LaunchScreen.storyboard */ = {
			isa = PBXVariantGroup;
			children = (
				38EB197922879EF500FB6C1D /* Base */,
			);
			name = LaunchScreen.storyboard;
			sourceTree = "<group>";
		};
/* End PBXVariantGroup section */

/* Begin XCBuildConfiguration section */
		38EB197C22879EF500FB6C1D /* Debug */ = {
			isa = XCBuildConfiguration;
			buildSettings = {
				ALWAYS_SEARCH_USER_PATHS = NO;
				CLANG_ANALYZER_NONNULL = YES;
				CLANG_ANALYZER_NUMBER_OBJECT_CONVERSION = YES_AGGRESSIVE;
				CLANG_CXX_LANGUAGE_STANDARD = "gnu++14";
				CLANG_CXX_LIBRARY = "libc++";
				CLANG_ENABLE_MODULES = YES;
				CLANG_ENABLE_OBJC_ARC = YES;
				CLANG_ENABLE_OBJC_WEAK = YES;
				CLANG_WARN_BLOCK_CAPTURE_AUTORELEASING = YES;
				CLANG_WARN_BOOL_CONVERSION = YES;
				CLANG_WARN_COMMA = YES;
				CLANG_WARN_CONSTANT_CONVERSION = YES;
				CLANG_WARN_DEPRECATED_OBJC_IMPLEMENTATIONS = YES;
				CLANG_WARN_DIRECT_OBJC_ISA_USAGE = YES_ERROR;
				CLANG_WARN_DOCUMENTATION_COMMENTS = YES;
				CLANG_WARN_EMPTY_BODY = YES;
				CLANG_WARN_ENUM_CONVERSION = YES;
				CLANG_WARN_INFINITE_RECURSION = YES;
				CLANG_WARN_INT_CONVERSION = YES;
				CLANG_WARN_NON_LITERAL_NULL_CONVERSION = YES;
				CLANG_WARN_OBJC_IMPLICIT_RETAIN_SELF = YES;
				CLANG_WARN_OBJC_LITERAL_CONVERSION = YES;
				CLANG_WARN_OBJC_ROOT_CLASS = YES_ERROR;
				CLANG_WARN_RANGE_LOOP_ANALYSIS = YES;
				CLANG_WARN_STRICT_PROTOTYPES = YES;
				CLANG_WARN_SUSPICIOUS_MOVE = YES;
				CLANG_WARN_UNGUARDED_AVAILABILITY = YES_AGGRESSIVE;
				CLANG_WARN_UNREACHABLE_CODE = YES;
				CLANG_WARN__DUPLICATE_METHOD_MATCH = YES;
				CODE_SIGN_IDENTITY = "iPhone Developer";
				COPY_PHASE_STRIP = NO;
				DEBUG_INFORMATION_FORMAT = dwarf;
				ENABLE_STRICT_OBJC_MSGSEND = YES;
				ENABLE_TESTABILITY = YES;
				GCC_C_LANGUAGE_STANDARD = gnu11;
				GCC_DYNAMIC_NO_PIC = NO;
				GCC_NO_COMMON_BLOCKS = YES;
				GCC_OPTIMIZATION_LEVEL = 0;
				GCC_PREPROCESSOR_DEFINITIONS = (
					"DEBUG=1",
					"$(inherited)",
				);
				GCC_WARN_64_TO_32_BIT_CONVERSION = YES;
				GCC_WARN_ABOUT_RETURN_TYPE = YES_ERROR;
				GCC_WARN_UNDECLARED_SELECTOR = YES;
				GCC_WARN_UNINITIALIZED_AUTOS = YES_AGGRESSIVE;
				GCC_WARN_UNUSED_FUNCTION = YES;
				GCC_WARN_UNUSED_VARIABLE = YES;
				IPHONEOS_DEPLOYMENT_TARGET = 12.2;
				MTL_ENABLE_DEBUG_INFO = INCLUDE_SOURCE;
				MTL_FAST_MATH = YES;
				ONLY_ACTIVE_ARCH = YES;
				SDKROOT = iphoneos;
				SWIFT_ACTIVE_COMPILATION_CONDITIONS = DEBUG;
				SWIFT_OPTIMIZATION_LEVEL = "-Onone";
			};
			name = Debug;
		};
		38EB197D22879EF500FB6C1D /* Release */ = {
			isa = XCBuildConfiguration;
			buildSettings = {
				ALWAYS_SEARCH_USER_PATHS = NO;
				CLANG_ANALYZER_NONNULL = YES;
				CLANG_ANALYZER_NUMBER_OBJECT_CONVERSION = YES_AGGRESSIVE;
				CLANG_CXX_LANGUAGE_STANDARD = "gnu++14";
				CLANG_CXX_LIBRARY = "libc++";
				CLANG_ENABLE_MODULES = YES;
				CLANG_ENABLE_OBJC_ARC = YES;
				CLANG_ENABLE_OBJC_WEAK = YES;
				CLANG_WARN_BLOCK_CAPTURE_AUTORELEASING = YES;
				CLANG_WARN_BOOL_CONVERSION = YES;
				CLANG_WARN_COMMA = YES;
				CLANG_WARN_CONSTANT_CONVERSION = YES;
				CLANG_WARN_DEPRECATED_OBJC_IMPLEMENTATIONS = YES;
				CLANG_WARN_DIRECT_OBJC_ISA_USAGE = YES_ERROR;
				CLANG_WARN_DOCUMENTATION_COMMENTS = YES;
				CLANG_WARN_EMPTY_BODY = YES;
				CLANG_WARN_ENUM_CONVERSION = YES;
				CLANG_WARN_INFINITE_RECURSION = YES;
				CLANG_WARN_INT_CONVERSION = YES;
				CLANG_WARN_NON_LITERAL_NULL_CONVERSION = YES;
				CLANG_WARN_OBJC_IMPLICIT_RETAIN_SELF = YES;
				CLANG_WARN_OBJC_LITERAL_CONVERSION = YES;
				CLANG_WARN_OBJC_ROOT_CLASS = YES_ERROR;
				CLANG_WARN_RANGE_LOOP_ANALYSIS = YES;
				CLANG_WARN_STRICT_PROTOTYPES = YES;
				CLANG_WARN_SUSPICIOUS_MOVE = YES;
				CLANG_WARN_UNGUARDED_AVAILABILITY = YES_AGGRESSIVE;
				CLANG_WARN_UNREACHABLE_CODE = YES;
				CLANG_WARN__DUPLICATE_METHOD_MATCH = YES;
				CODE_SIGN_IDENTITY = "iPhone Developer";
				COPY_PHASE_STRIP = NO;
				DEBUG_INFORMATION_FORMAT = "dwarf-with-dsym";
				ENABLE_NS_ASSERTIONS = NO;
				ENABLE_STRICT_OBJC_MSGSEND = YES;
				GCC_C_LANGUAGE_STANDARD = gnu11;
				GCC_NO_COMMON_BLOCKS = YES;
				GCC_WARN_64_TO_32_BIT_CONVERSION = YES;
				GCC_WARN_ABOUT_RETURN_TYPE = YES_ERROR;
				GCC_WARN_UNDECLARED_SELECTOR = YES;
				GCC_WARN_UNINITIALIZED_AUTOS = YES_AGGRESSIVE;
				GCC_WARN_UNUSED_FUNCTION = YES;
				GCC_WARN_UNUSED_VARIABLE = YES;
				IPHONEOS_DEPLOYMENT_TARGET = 12.2;
				MTL_ENABLE_DEBUG_INFO = NO;
				MTL_FAST_MATH = YES;
				SDKROOT = iphoneos;
				SWIFT_COMPILATION_MODE = wholemodule;
				SWIFT_OPTIMIZATION_LEVEL = "-O";
				VALIDATE_PRODUCT = YES;
			};
			name = Release;
		};
		38EB197F22879EF500FB6C1D /* Debug */ = {
			isa = XCBuildConfiguration;
			baseConfigurationReference = 877B372C386F75B965BCB6DB /* Pods-HelpMeParkIOS.debug.xcconfig */;
			buildSettings = {
				ASSETCATALOG_COMPILER_APPICON_NAME = AppIcon;
				CODE_SIGN_STYLE = Automatic;
				INFOPLIST_FILE = HelpMeParkIOS/Info.plist;
				LD_RUNPATH_SEARCH_PATHS = (
					"$(inherited)",
					"@executable_path/Frameworks",
				);
				PRODUCT_BUNDLE_IDENTIFIER = ipvc.HelpMeParkIOS;
				PRODUCT_NAME = "$(TARGET_NAME)";
				SWIFT_VERSION = 5.0;
				TARGETED_DEVICE_FAMILY = "1,2";
			};
			name = Debug;
		};
		38EB198022879EF500FB6C1D /* Release */ = {
			isa = XCBuildConfiguration;
			baseConfigurationReference = ED63BC9047D9F93CE299BE19 /* Pods-HelpMeParkIOS.release.xcconfig */;
			buildSettings = {
				ASSETCATALOG_COMPILER_APPICON_NAME = AppIcon;
				CODE_SIGN_STYLE = Automatic;
				INFOPLIST_FILE = HelpMeParkIOS/Info.plist;
				LD_RUNPATH_SEARCH_PATHS = (
					"$(inherited)",
					"@executable_path/Frameworks",
				);
				PRODUCT_BUNDLE_IDENTIFIER = ipvc.HelpMeParkIOS;
				PRODUCT_NAME = "$(TARGET_NAME)";
				SWIFT_VERSION = 5.0;
				TARGETED_DEVICE_FAMILY = "1,2";
			};
			name = Release;
		};
/* End XCBuildConfiguration section */

/* Begin XCConfigurationList section */
		38EB196722879EF300FB6C1D /* Build configuration list for PBXProject "HelpMeParkIOS" */ = {
			isa = XCConfigurationList;
			buildConfigurations = (
				38EB197C22879EF500FB6C1D /* Debug */,
				38EB197D22879EF500FB6C1D /* Release */,
			);
			defaultConfigurationIsVisible = 0;
			defaultConfigurationName = Release;
		};
		38EB197E22879EF500FB6C1D /* Build configuration list for PBXNativeTarget "HelpMeParkIOS" */ = {
			isa = XCConfigurationList;
			buildConfigurations = (
				38EB197F22879EF500FB6C1D /* Debug */,
				38EB198022879EF500FB6C1D /* Release */,
			);
			defaultConfigurationIsVisible = 0;
			defaultConfigurationName = Release;
		};
/* End XCConfigurationList section */
	};
	rootObject = 38EB196422879EF300FB6C1D /* Project object */;
}
